// !$*UTF8*$!
{
	archiveVersion = 1;
	classes = {
	};
	objectVersion = 46;
	objects = {

/* Begin PBXBuildFile section */
		43FE513F6EF8C7E8E43475F0 /* libPods.a in Frameworks */ = {isa = PBXBuildFile; fileRef = 05FD881CE5BCE14B247F6CF7 /* libPods.a */; };
		760CB36A1A14FCB000789A55 /* Config.swift in Sources */ = {isa = PBXBuildFile; fileRef = 760CB3691A14FCB000789A55 /* Config.swift */; };
		760CB36B1A14FCB000789A55 /* Config.swift in Sources */ = {isa = PBXBuildFile; fileRef = 760CB3691A14FCB000789A55 /* Config.swift */; };
		760CB36D1A15099100789A55 /* NotificationManager.swift in Sources */ = {isa = PBXBuildFile; fileRef = 760CB36C1A15099100789A55 /* NotificationManager.swift */; };
		760CB36E1A15099100789A55 /* NotificationManager.swift in Sources */ = {isa = PBXBuildFile; fileRef = 760CB36C1A15099100789A55 /* NotificationManager.swift */; };
		760CB3701A1511ED00789A55 /* NotificationManagerTests.swift in Sources */ = {isa = PBXBuildFile; fileRef = 760CB36F1A1511ED00789A55 /* NotificationManagerTests.swift */; };
		760CB3721A16189200789A55 /* DebugViewController.swift in Sources */ = {isa = PBXBuildFile; fileRef = 760CB3711A16189200789A55 /* DebugViewController.swift */; };
		7614216B1A2F2C870089198F /* Strings.swift in Sources */ = {isa = PBXBuildFile; fileRef = 7614216A1A2F2C870089198F /* Strings.swift */; };
		7614216D1A2F2D330089198F /* Numbers.swift in Sources */ = {isa = PBXBuildFile; fileRef = 7614216C1A2F2D330089198F /* Numbers.swift */; };
		7614216F1A2F39E70089198F /* CmsManager.swift in Sources */ = {isa = PBXBuildFile; fileRef = 7614216E1A2F39E70089198F /* CmsManager.swift */; };
		761421701A2F39E70089198F /* CmsManager.swift in Sources */ = {isa = PBXBuildFile; fileRef = 7614216E1A2F39E70089198F /* CmsManager.swift */; };
		761421721A2F3BAF0089198F /* Iterator.swift in Sources */ = {isa = PBXBuildFile; fileRef = 761421711A2F3BAF0089198F /* Iterator.swift */; };
		761421731A2F3BAF0089198F /* Iterator.swift in Sources */ = {isa = PBXBuildFile; fileRef = 761421711A2F3BAF0089198F /* Iterator.swift */; };
		761F2AF21A14D936007ECC6D /* RegionManagerTests.swift in Sources */ = {isa = PBXBuildFile; fileRef = 761F2AF11A14D936007ECC6D /* RegionManagerTests.swift */; };
		761F2AF31A14D99D007ECC6D /* RegionManager.swift in Sources */ = {isa = PBXBuildFile; fileRef = 76EBF36E1A122B5200D7E3F8 /* RegionManager.swift */; };
		7623B60A1A2C819F00390EEE /* TUIType.otf in Resources */ = {isa = PBXBuildFile; fileRef = 7623B6021A2C819F00390EEE /* TUIType.otf */; };
		7623B60B1A2C819F00390EEE /* TUITypeBd.otf in Resources */ = {isa = PBXBuildFile; fileRef = 7623B6031A2C819F00390EEE /* TUITypeBd.otf */; };
		7623B60C1A2C819F00390EEE /* TUITypeBdIt.otf in Resources */ = {isa = PBXBuildFile; fileRef = 7623B6041A2C819F00390EEE /* TUITypeBdIt.otf */; };
		7623B60D1A2C819F00390EEE /* TUITypeIt.otf in Resources */ = {isa = PBXBuildFile; fileRef = 7623B6051A2C819F00390EEE /* TUITypeIt.otf */; };
		7623B60E1A2C819F00390EEE /* TUITypeLt.otf in Resources */ = {isa = PBXBuildFile; fileRef = 7623B6061A2C819F00390EEE /* TUITypeLt.otf */; };
		7623B60F1A2C819F00390EEE /* TUITypeLtBd.otf in Resources */ = {isa = PBXBuildFile; fileRef = 7623B6071A2C819F00390EEE /* TUITypeLtBd.otf */; };
		7623B6101A2C819F00390EEE /* TUITypeLtBI.otf in Resources */ = {isa = PBXBuildFile; fileRef = 7623B6081A2C819F00390EEE /* TUITypeLtBI.otf */; };
		7623B6111A2C819F00390EEE /* TUITypeLtIt.otf in Resources */ = {isa = PBXBuildFile; fileRef = 7623B6091A2C819F00390EEE /* TUITypeLtIt.otf */; };
		7623B6171A2CA2CE00390EEE /* Fonts.swift in Sources */ = {isa = PBXBuildFile; fileRef = 7623B6161A2CA2CE00390EEE /* Fonts.swift */; };
		7623B6191A2CAF2A00390EEE /* Colors.swift in Sources */ = {isa = PBXBuildFile; fileRef = 7623B6181A2CAF2A00390EEE /* Colors.swift */; };
		7623B61B1A2CB79000390EEE /* Layout.swift in Sources */ = {isa = PBXBuildFile; fileRef = 7623B61A1A2CB79000390EEE /* Layout.swift */; };
		7623B61D1A2DAB3A00390EEE /* AttractionsCollectionViewController.swift in Sources */ = {isa = PBXBuildFile; fileRef = 7623B61C1A2DAB3A00390EEE /* AttractionsCollectionViewController.swift */; };
		7623B61F1A2DAC4900390EEE /* AttractionViewCell.swift in Sources */ = {isa = PBXBuildFile; fileRef = 7623B61E1A2DAC4900390EEE /* AttractionViewCell.swift */; };
		7624F8BF1A2F5A05001DA624 /* Fonts.swift in Sources */ = {isa = PBXBuildFile; fileRef = 7623B6161A2CA2CE00390EEE /* Fonts.swift */; };
		7624F8C01A2F5A05001DA624 /* Colors.swift in Sources */ = {isa = PBXBuildFile; fileRef = 7623B6181A2CAF2A00390EEE /* Colors.swift */; };
		7624F8C11A2F5A05001DA624 /* Layout.swift in Sources */ = {isa = PBXBuildFile; fileRef = 7623B61A1A2CB79000390EEE /* Layout.swift */; };
		7624F8C21A2F5A05001DA624 /* Segues.swift in Sources */ = {isa = PBXBuildFile; fileRef = 7640DEE01A2DE5D5005DD518 /* Segues.swift */; };
		7624F8C31A2F5A05001DA624 /* Strings.swift in Sources */ = {isa = PBXBuildFile; fileRef = 7614216A1A2F2C870089198F /* Strings.swift */; };
		7624F8C41A2F5A05001DA624 /* Numbers.swift in Sources */ = {isa = PBXBuildFile; fileRef = 7614216C1A2F2D330089198F /* Numbers.swift */; };
		7624F8C71A2F5D2D001DA624 /* attractions_test.sqlite in Resources */ = {isa = PBXBuildFile; fileRef = 7624F8C51A2F5D2D001DA624 /* attractions_test.sqlite */; };
		7624F8C81A2F5D42001DA624 /* attractions_test.plist in Resources */ = {isa = PBXBuildFile; fileRef = 76D41FB21A237A810053F687 /* attractions_test.plist */; };
		7624F8C91A3058F0001DA624 /* attractions_test.sqlite in Resources */ = {isa = PBXBuildFile; fileRef = 7624F8C51A2F5D2D001DA624 /* attractions_test.sqlite */; };
		7624F8CA1A3058F4001DA624 /* attractions.sqlite in Resources */ = {isa = PBXBuildFile; fileRef = 76BF41471A10D9B10042966D /* attractions.sqlite */; };
		7640DEE11A2DE5D5005DD518 /* Segues.swift in Sources */ = {isa = PBXBuildFile; fileRef = 7640DEE01A2DE5D5005DD518 /* Segues.swift */; };
		764EC6031A306DF200FE4970 /* CmsManagerTests.swift in Sources */ = {isa = PBXBuildFile; fileRef = 764EC6021A306DF200FE4970 /* CmsManagerTests.swift */; };
		764EC6041A30719D00FE4970 /* attractions_test.plist in Resources */ = {isa = PBXBuildFile; fileRef = 76D41FB21A237A810053F687 /* attractions_test.plist */; };
		764EC6051A3071A600FE4970 /* attractions.plist in Resources */ = {isa = PBXBuildFile; fileRef = 76D41FAE1A2359720053F687 /* attractions.plist */; };
		764EC6071A30813D00FE4970 /* IteratorTests.swift in Sources */ = {isa = PBXBuildFile; fileRef = 764EC6061A30813D00FE4970 /* IteratorTests.swift */; };
		764EC6121A30938D00FE4970 /* background_1.png in Resources */ = {isa = PBXBuildFile; fileRef = 764EC60B1A30938D00FE4970 /* background_1.png */; };
		764EC6131A30938D00FE4970 /* background_2.png in Resources */ = {isa = PBXBuildFile; fileRef = 764EC60C1A30938D00FE4970 /* background_2.png */; };
		764EC6141A30938D00FE4970 /* background_3.png in Resources */ = {isa = PBXBuildFile; fileRef = 764EC60D1A30938D00FE4970 /* background_3.png */; };
		764EC6151A30938D00FE4970 /* background_4.png in Resources */ = {isa = PBXBuildFile; fileRef = 764EC60E1A30938D00FE4970 /* background_4.png */; };
		764EC6161A30938D00FE4970 /* background_5.png in Resources */ = {isa = PBXBuildFile; fileRef = 764EC60F1A30938D00FE4970 /* background_5.png */; };
		764EC6171A30938D00FE4970 /* background_6.png in Resources */ = {isa = PBXBuildFile; fileRef = 764EC6101A30938D00FE4970 /* background_6.png */; };
		764EC6181A30938D00FE4970 /* background_7.png in Resources */ = {isa = PBXBuildFile; fileRef = 764EC6111A30938D00FE4970 /* background_7.png */; };
		764EC6351A3093B900FE4970 /* fact_1_1.png in Resources */ = {isa = PBXBuildFile; fileRef = 764EC6191A3093B900FE4970 /* fact_1_1.png */; };
		764EC6361A3093B900FE4970 /* fact_1_2.png in Resources */ = {isa = PBXBuildFile; fileRef = 764EC61A1A3093B900FE4970 /* fact_1_2.png */; };
		764EC6371A3093B900FE4970 /* fact_1_3.png in Resources */ = {isa = PBXBuildFile; fileRef = 764EC61B1A3093B900FE4970 /* fact_1_3.png */; };
		764EC6381A3093B900FE4970 /* fact_1_4.png in Resources */ = {isa = PBXBuildFile; fileRef = 764EC61C1A3093B900FE4970 /* fact_1_4.png */; };
		764EC6391A3093B900FE4970 /* fact_2_1.png in Resources */ = {isa = PBXBuildFile; fileRef = 764EC61D1A3093B900FE4970 /* fact_2_1.png */; };
		764EC63A1A3093B900FE4970 /* fact_2_2.png in Resources */ = {isa = PBXBuildFile; fileRef = 764EC61E1A3093B900FE4970 /* fact_2_2.png */; };
		764EC63B1A3093B900FE4970 /* fact_2_3.png in Resources */ = {isa = PBXBuildFile; fileRef = 764EC61F1A3093B900FE4970 /* fact_2_3.png */; };
		764EC63C1A3093B900FE4970 /* fact_2_4.png in Resources */ = {isa = PBXBuildFile; fileRef = 764EC6201A3093B900FE4970 /* fact_2_4.png */; };
		764EC63D1A3093B900FE4970 /* fact_3_1.png in Resources */ = {isa = PBXBuildFile; fileRef = 764EC6211A3093B900FE4970 /* fact_3_1.png */; };
		764EC63E1A3093B900FE4970 /* fact_3_2.png in Resources */ = {isa = PBXBuildFile; fileRef = 764EC6221A3093B900FE4970 /* fact_3_2.png */; };
		764EC63F1A3093B900FE4970 /* fact_3_3.png in Resources */ = {isa = PBXBuildFile; fileRef = 764EC6231A3093B900FE4970 /* fact_3_3.png */; };
		764EC6401A3093B900FE4970 /* fact_3_4.png in Resources */ = {isa = PBXBuildFile; fileRef = 764EC6241A3093B900FE4970 /* fact_3_4.png */; };
		764EC6411A3093B900FE4970 /* fact_4_1.png in Resources */ = {isa = PBXBuildFile; fileRef = 764EC6251A3093B900FE4970 /* fact_4_1.png */; };
		764EC6421A3093B900FE4970 /* fact_4_2.png in Resources */ = {isa = PBXBuildFile; fileRef = 764EC6261A3093B900FE4970 /* fact_4_2.png */; };
		764EC6431A3093B900FE4970 /* fact_4_3.png in Resources */ = {isa = PBXBuildFile; fileRef = 764EC6271A3093B900FE4970 /* fact_4_3.png */; };
		764EC6441A3093B900FE4970 /* fact_4_4.png in Resources */ = {isa = PBXBuildFile; fileRef = 764EC6281A3093B900FE4970 /* fact_4_4.png */; };
		764EC6451A3093B900FE4970 /* fact_5_1.png in Resources */ = {isa = PBXBuildFile; fileRef = 764EC6291A3093B900FE4970 /* fact_5_1.png */; };
		764EC6461A3093B900FE4970 /* fact_5_2.png in Resources */ = {isa = PBXBuildFile; fileRef = 764EC62A1A3093B900FE4970 /* fact_5_2.png */; };
		764EC6471A3093B900FE4970 /* fact_5_3.png in Resources */ = {isa = PBXBuildFile; fileRef = 764EC62B1A3093B900FE4970 /* fact_5_3.png */; };
		764EC6481A3093B900FE4970 /* fact_5_4.png in Resources */ = {isa = PBXBuildFile; fileRef = 764EC62C1A3093B900FE4970 /* fact_5_4.png */; };
		764EC6491A3093B900FE4970 /* fact_6_1.png in Resources */ = {isa = PBXBuildFile; fileRef = 764EC62D1A3093B900FE4970 /* fact_6_1.png */; };
		764EC64A1A3093B900FE4970 /* fact_6_2.png in Resources */ = {isa = PBXBuildFile; fileRef = 764EC62E1A3093B900FE4970 /* fact_6_2.png */; };
		764EC64B1A3093B900FE4970 /* fact_6_3.png in Resources */ = {isa = PBXBuildFile; fileRef = 764EC62F1A3093B900FE4970 /* fact_6_3.png */; };
		764EC64C1A3093B900FE4970 /* fact_6_4.png in Resources */ = {isa = PBXBuildFile; fileRef = 764EC6301A3093B900FE4970 /* fact_6_4.png */; };
		764EC64D1A3093B900FE4970 /* fact_7_1.png in Resources */ = {isa = PBXBuildFile; fileRef = 764EC6311A3093B900FE4970 /* fact_7_1.png */; };
		764EC64E1A3093B900FE4970 /* fact_7_2.png in Resources */ = {isa = PBXBuildFile; fileRef = 764EC6321A3093B900FE4970 /* fact_7_2.png */; };
		764EC64F1A3093B900FE4970 /* fact_7_3.png in Resources */ = {isa = PBXBuildFile; fileRef = 764EC6331A3093B900FE4970 /* fact_7_3.png */; };
		764EC6501A3093B900FE4970 /* fact_7_4.png in Resources */ = {isa = PBXBuildFile; fileRef = 764EC6341A3093B900FE4970 /* fact_7_4.png */; };
		764EC6581A3093D600FE4970 /* thumb_1.png in Resources */ = {isa = PBXBuildFile; fileRef = 764EC6511A3093D600FE4970 /* thumb_1.png */; };
		764EC6591A3093D600FE4970 /* thumb_2.png in Resources */ = {isa = PBXBuildFile; fileRef = 764EC6521A3093D600FE4970 /* thumb_2.png */; };
		764EC65A1A3093D600FE4970 /* thumb_3.png in Resources */ = {isa = PBXBuildFile; fileRef = 764EC6531A3093D600FE4970 /* thumb_3.png */; };
		764EC65B1A3093D600FE4970 /* thumb_4.png in Resources */ = {isa = PBXBuildFile; fileRef = 764EC6541A3093D600FE4970 /* thumb_4.png */; };
		764EC65C1A3093D600FE4970 /* thumb_5.png in Resources */ = {isa = PBXBuildFile; fileRef = 764EC6551A3093D600FE4970 /* thumb_5.png */; };
		764EC65D1A3093D600FE4970 /* thumb_6.png in Resources */ = {isa = PBXBuildFile; fileRef = 764EC6561A3093D600FE4970 /* thumb_6.png */; };
		764EC65E1A3093D600FE4970 /* thumb_7.png in Resources */ = {isa = PBXBuildFile; fileRef = 764EC6571A3093D600FE4970 /* thumb_7.png */; };
		764EC6601A30A3A600FE4970 /* Splash_Screen_logo.png in Resources */ = {isa = PBXBuildFile; fileRef = 764EC65F1A30A3A600FE4970 /* Splash_Screen_logo.png */; };
		764EC6611A30A3A600FE4970 /* Splash_Screen_logo.png in Resources */ = {isa = PBXBuildFile; fileRef = 764EC65F1A30A3A600FE4970 /* Splash_Screen_logo.png */; };
		764EC6651A31B5BB00FE4970 /* BaseCollectionViewCell.swift in Sources */ = {isa = PBXBuildFile; fileRef = 764EC6641A31B5BB00FE4970 /* BaseCollectionViewCell.swift */; };
		764EC6661A31B5BB00FE4970 /* BaseCollectionViewCell.swift in Sources */ = {isa = PBXBuildFile; fileRef = 764EC6641A31B5BB00FE4970 /* BaseCollectionViewCell.swift */; };
		764EC6681A31CB6000FE4970 /* FactViewController.swift in Sources */ = {isa = PBXBuildFile; fileRef = 764EC6671A31CB6000FE4970 /* FactViewController.swift */; };
		764EC66A1A31CF4D00FE4970 /* FactPageViewController.swift in Sources */ = {isa = PBXBuildFile; fileRef = 764EC6691A31CF4D00FE4970 /* FactPageViewController.swift */; };
		764EC66C1A31DE1B00FE4970 /* FactPageViewControllerDataSource.swift in Sources */ = {isa = PBXBuildFile; fileRef = 764EC66B1A31DE1B00FE4970 /* FactPageViewControllerDataSource.swift */; };
		765B84181A1B589A00C84DAC /* ReachabilityManager.swift in Sources */ = {isa = PBXBuildFile; fileRef = 765B84171A1B589A00C84DAC /* ReachabilityManager.swift */; };
		765B841C1A1B954500C84DAC /* RNCachingURLProtocol.m in Sources */ = {isa = PBXBuildFile; fileRef = 765B841B1A1B954500C84DAC /* RNCachingURLProtocol.m */; };
		765B841E1A1C996900C84DAC /* AttractionTests.swift in Sources */ = {isa = PBXBuildFile; fileRef = 765B841D1A1C996900C84DAC /* AttractionTests.swift */; };
		76A2DBD91A1635A400341118 /* DebugRegionStatusView.swift in Sources */ = {isa = PBXBuildFile; fileRef = 76A2DBD81A1635A400341118 /* DebugRegionStatusView.swift */; };
		76BF411E1A0CCCE60042966D /* AppDelegate.swift in Sources */ = {isa = PBXBuildFile; fileRef = 76BF411D1A0CCCE60042966D /* AppDelegate.swift */; };
		76BF41251A0CCCE60042966D /* Main.storyboard in Resources */ = {isa = PBXBuildFile; fileRef = 76BF41231A0CCCE60042966D /* Main.storyboard */; };
		76BF41271A0CCCE60042966D /* Images.xcassets in Resources */ = {isa = PBXBuildFile; fileRef = 76BF41261A0CCCE60042966D /* Images.xcassets */; };
		76BF412A1A0CCCE60042966D /* LaunchScreen.xib in Resources */ = {isa = PBXBuildFile; fileRef = 76BF41281A0CCCE60042966D /* LaunchScreen.xib */; };
		76BF41461A0CE4700042966D /* AddEditAttractionViewController.swift in Sources */ = {isa = PBXBuildFile; fileRef = 76BF41451A0CE4700042966D /* AddEditAttractionViewController.swift */; };
		76BF41481A10D9B10042966D /* attractions.sqlite in Resources */ = {isa = PBXBuildFile; fileRef = 76BF41471A10D9B10042966D /* attractions.sqlite */; };
		76BF414B1A10DB830042966D /* libsqlite3.0.dylib in Frameworks */ = {isa = PBXBuildFile; fileRef = 76BF414A1A10DB830042966D /* libsqlite3.0.dylib */; };
		76BF414D1A10DDA80042966D /* AttractionManager.swift in Sources */ = {isa = PBXBuildFile; fileRef = 76BF414C1A10DDA80042966D /* AttractionManager.swift */; };
		76BF414F1A10FA980042966D /* Attraction.swift in Sources */ = {isa = PBXBuildFile; fileRef = 76BF414E1A10FA980042966D /* Attraction.swift */; };
		76D41FA11A23219F0053F687 /* AttractionFactViewController.swift in Sources */ = {isa = PBXBuildFile; fileRef = 76D41FA01A23219F0053F687 /* AttractionFactViewController.swift */; };
		76D41FA81A2328E10053F687 /* Fact.swift in Sources */ = {isa = PBXBuildFile; fileRef = 76D41FA71A2328E10053F687 /* Fact.swift */; };
		76D41FA91A232CCA0053F687 /* Fact.swift in Sources */ = {isa = PBXBuildFile; fileRef = 76D41FA71A2328E10053F687 /* Fact.swift */; };
		76D41FAB1A232EFE0053F687 /* FactTests.swift in Sources */ = {isa = PBXBuildFile; fileRef = 76D41FAA1A232EFE0053F687 /* FactTests.swift */; };
		76D41FAF1A2359720053F687 /* attractions.plist in Resources */ = {isa = PBXBuildFile; fileRef = 76D41FAE1A2359720053F687 /* attractions.plist */; };
		76EBF36F1A122B5200D7E3F8 /* RegionManager.swift in Sources */ = {isa = PBXBuildFile; fileRef = 76EBF36E1A122B5200D7E3F8 /* RegionManager.swift */; };
		76EBF3711A122C1E00D7E3F8 /* CoreLocation.framework in Frameworks */ = {isa = PBXBuildFile; fileRef = 76EBF3701A122C1E00D7E3F8 /* CoreLocation.framework */; };
		76EBF38E1A14B1FF00D7E3F8 /* AttractionManagerTests.swift in Sources */ = {isa = PBXBuildFile; fileRef = 76EBF38D1A14B1FF00D7E3F8 /* AttractionManagerTests.swift */; };
		76EBF38F1A14B3BA00D7E3F8 /* AttractionManager.swift in Sources */ = {isa = PBXBuildFile; fileRef = 76BF414C1A10DDA80042966D /* AttractionManager.swift */; };
		76EBF3911A14B51500D7E3F8 /* Attraction.swift in Sources */ = {isa = PBXBuildFile; fileRef = 76BF414E1A10FA980042966D /* Attraction.swift */; };
		76EBF3931A14B59D00D7E3F8 /* libsqlite3.0.dylib in Frameworks */ = {isa = PBXBuildFile; fileRef = 76BF414A1A10DB830042966D /* libsqlite3.0.dylib */; };
/* End PBXBuildFile section */

/* Begin PBXContainerItemProxy section */
		76BF41301A0CCCE60042966D /* PBXContainerItemProxy */ = {
			isa = PBXContainerItemProxy;
			containerPortal = 76BF41101A0CCCE50042966D /* Project object */;
			proxyType = 1;
			remoteGlobalIDString = 76BF41171A0CCCE60042966D;
			remoteInfo = TuiBuddySwift;
		};
/* End PBXContainerItemProxy section */

/* Begin PBXFileReference section */
		05FD881CE5BCE14B247F6CF7 /* libPods.a */ = {isa = PBXFileReference; explicitFileType = archive.ar; includeInIndex = 0; path = libPods.a; sourceTree = BUILT_PRODUCTS_DIR; };
		220296A9B64819CD83E9CC30 /* Pods.release.xcconfig */ = {isa = PBXFileReference; includeInIndex = 1; lastKnownFileType = text.xcconfig; name = Pods.release.xcconfig; path = "Pods/Target Support Files/Pods/Pods.release.xcconfig"; sourceTree = "<group>"; };
		760CB3691A14FCB000789A55 /* Config.swift */ = {isa = PBXFileReference; fileEncoding = 4; lastKnownFileType = sourcecode.swift; path = Config.swift; sourceTree = "<group>"; };
		760CB36C1A15099100789A55 /* NotificationManager.swift */ = {isa = PBXFileReference; fileEncoding = 4; lastKnownFileType = sourcecode.swift; path = NotificationManager.swift; sourceTree = "<group>"; };
		760CB36F1A1511ED00789A55 /* NotificationManagerTests.swift */ = {isa = PBXFileReference; fileEncoding = 4; lastKnownFileType = sourcecode.swift; path = NotificationManagerTests.swift; sourceTree = "<group>"; };
		760CB3711A16189200789A55 /* DebugViewController.swift */ = {isa = PBXFileReference; fileEncoding = 4; lastKnownFileType = sourcecode.swift; path = DebugViewController.swift; sourceTree = "<group>"; };
		7614216A1A2F2C870089198F /* Strings.swift */ = {isa = PBXFileReference; fileEncoding = 4; lastKnownFileType = sourcecode.swift; path = Strings.swift; sourceTree = "<group>"; };
		7614216C1A2F2D330089198F /* Numbers.swift */ = {isa = PBXFileReference; fileEncoding = 4; lastKnownFileType = sourcecode.swift; path = Numbers.swift; sourceTree = "<group>"; };
		7614216E1A2F39E70089198F /* CmsManager.swift */ = {isa = PBXFileReference; fileEncoding = 4; lastKnownFileType = sourcecode.swift; path = CmsManager.swift; sourceTree = "<group>"; };
		761421711A2F3BAF0089198F /* Iterator.swift */ = {isa = PBXFileReference; fileEncoding = 4; lastKnownFileType = sourcecode.swift; path = Iterator.swift; sourceTree = "<group>"; };
		761F2AF11A14D936007ECC6D /* RegionManagerTests.swift */ = {isa = PBXFileReference; fileEncoding = 4; lastKnownFileType = sourcecode.swift; path = RegionManagerTests.swift; sourceTree = "<group>"; };
		7623B6021A2C819F00390EEE /* TUIType.otf */ = {isa = PBXFileReference; lastKnownFileType = file; name = TUIType.otf; path = Resources/Fonts/TUIType.otf; sourceTree = "<group>"; };
		7623B6031A2C819F00390EEE /* TUITypeBd.otf */ = {isa = PBXFileReference; lastKnownFileType = file; name = TUITypeBd.otf; path = Resources/Fonts/TUITypeBd.otf; sourceTree = "<group>"; };
		7623B6041A2C819F00390EEE /* TUITypeBdIt.otf */ = {isa = PBXFileReference; lastKnownFileType = file; name = TUITypeBdIt.otf; path = Resources/Fonts/TUITypeBdIt.otf; sourceTree = "<group>"; };
		7623B6051A2C819F00390EEE /* TUITypeIt.otf */ = {isa = PBXFileReference; lastKnownFileType = file; name = TUITypeIt.otf; path = Resources/Fonts/TUITypeIt.otf; sourceTree = "<group>"; };
		7623B6061A2C819F00390EEE /* TUITypeLt.otf */ = {isa = PBXFileReference; lastKnownFileType = file; name = TUITypeLt.otf; path = Resources/Fonts/TUITypeLt.otf; sourceTree = "<group>"; };
		7623B6071A2C819F00390EEE /* TUITypeLtBd.otf */ = {isa = PBXFileReference; lastKnownFileType = file; name = TUITypeLtBd.otf; path = Resources/Fonts/TUITypeLtBd.otf; sourceTree = "<group>"; };
		7623B6081A2C819F00390EEE /* TUITypeLtBI.otf */ = {isa = PBXFileReference; lastKnownFileType = file; name = TUITypeLtBI.otf; path = Resources/Fonts/TUITypeLtBI.otf; sourceTree = "<group>"; };
		7623B6091A2C819F00390EEE /* TUITypeLtIt.otf */ = {isa = PBXFileReference; lastKnownFileType = file; name = TUITypeLtIt.otf; path = Resources/Fonts/TUITypeLtIt.otf; sourceTree = "<group>"; };
		7623B6161A2CA2CE00390EEE /* Fonts.swift */ = {isa = PBXFileReference; fileEncoding = 4; lastKnownFileType = sourcecode.swift; path = Fonts.swift; sourceTree = "<group>"; };
		7623B6181A2CAF2A00390EEE /* Colors.swift */ = {isa = PBXFileReference; fileEncoding = 4; lastKnownFileType = sourcecode.swift; path = Colors.swift; sourceTree = "<group>"; };
		7623B61A1A2CB79000390EEE /* Layout.swift */ = {isa = PBXFileReference; fileEncoding = 4; lastKnownFileType = sourcecode.swift; path = Layout.swift; sourceTree = "<group>"; };
		7623B61C1A2DAB3A00390EEE /* AttractionsCollectionViewController.swift */ = {isa = PBXFileReference; fileEncoding = 4; lastKnownFileType = sourcecode.swift; path = AttractionsCollectionViewController.swift; sourceTree = "<group>"; };
		7623B61E1A2DAC4900390EEE /* AttractionViewCell.swift */ = {isa = PBXFileReference; fileEncoding = 4; lastKnownFileType = sourcecode.swift; path = AttractionViewCell.swift; sourceTree = "<group>"; };
		7624F8C51A2F5D2D001DA624 /* attractions_test.sqlite */ = {isa = PBXFileReference; lastKnownFileType = file; name = attractions_test.sqlite; path = Resources/attractions_test.sqlite; sourceTree = "<group>"; };
		7640DEE01A2DE5D5005DD518 /* Segues.swift */ = {isa = PBXFileReference; fileEncoding = 4; lastKnownFileType = sourcecode.swift; path = Segues.swift; sourceTree = "<group>"; };
		764EC6021A306DF200FE4970 /* CmsManagerTests.swift */ = {isa = PBXFileReference; fileEncoding = 4; lastKnownFileType = sourcecode.swift; path = CmsManagerTests.swift; sourceTree = "<group>"; };
		764EC6061A30813D00FE4970 /* IteratorTests.swift */ = {isa = PBXFileReference; fileEncoding = 4; lastKnownFileType = sourcecode.swift; path = IteratorTests.swift; sourceTree = "<group>"; };
		764EC60B1A30938D00FE4970 /* background_1.png */ = {isa = PBXFileReference; lastKnownFileType = image.png; name = background_1.png; path = CMS/Images/background/background_1.png; sourceTree = "<group>"; };
		764EC60C1A30938D00FE4970 /* background_2.png */ = {isa = PBXFileReference; lastKnownFileType = image.png; name = background_2.png; path = CMS/Images/background/background_2.png; sourceTree = "<group>"; };
		764EC60D1A30938D00FE4970 /* background_3.png */ = {isa = PBXFileReference; lastKnownFileType = image.png; name = background_3.png; path = CMS/Images/background/background_3.png; sourceTree = "<group>"; };
		764EC60E1A30938D00FE4970 /* background_4.png */ = {isa = PBXFileReference; lastKnownFileType = image.png; name = background_4.png; path = CMS/Images/background/background_4.png; sourceTree = "<group>"; };
		764EC60F1A30938D00FE4970 /* background_5.png */ = {isa = PBXFileReference; lastKnownFileType = image.png; name = background_5.png; path = CMS/Images/background/background_5.png; sourceTree = "<group>"; };
		764EC6101A30938D00FE4970 /* background_6.png */ = {isa = PBXFileReference; lastKnownFileType = image.png; name = background_6.png; path = CMS/Images/background/background_6.png; sourceTree = "<group>"; };
		764EC6111A30938D00FE4970 /* background_7.png */ = {isa = PBXFileReference; lastKnownFileType = image.png; name = background_7.png; path = CMS/Images/background/background_7.png; sourceTree = "<group>"; };
		764EC6191A3093B900FE4970 /* fact_1_1.png */ = {isa = PBXFileReference; lastKnownFileType = image.png; name = fact_1_1.png; path = CMS/Images/Facts/fact_1_1.png; sourceTree = "<group>"; };
		764EC61A1A3093B900FE4970 /* fact_1_2.png */ = {isa = PBXFileReference; lastKnownFileType = image.png; name = fact_1_2.png; path = CMS/Images/Facts/fact_1_2.png; sourceTree = "<group>"; };
		764EC61B1A3093B900FE4970 /* fact_1_3.png */ = {isa = PBXFileReference; lastKnownFileType = image.png; name = fact_1_3.png; path = CMS/Images/Facts/fact_1_3.png; sourceTree = "<group>"; };
		764EC61C1A3093B900FE4970 /* fact_1_4.png */ = {isa = PBXFileReference; lastKnownFileType = image.png; name = fact_1_4.png; path = CMS/Images/Facts/fact_1_4.png; sourceTree = "<group>"; };
		764EC61D1A3093B900FE4970 /* fact_2_1.png */ = {isa = PBXFileReference; lastKnownFileType = image.png; name = fact_2_1.png; path = CMS/Images/Facts/fact_2_1.png; sourceTree = "<group>"; };
		764EC61E1A3093B900FE4970 /* fact_2_2.png */ = {isa = PBXFileReference; lastKnownFileType = image.png; name = fact_2_2.png; path = CMS/Images/Facts/fact_2_2.png; sourceTree = "<group>"; };
		764EC61F1A3093B900FE4970 /* fact_2_3.png */ = {isa = PBXFileReference; lastKnownFileType = image.png; name = fact_2_3.png; path = CMS/Images/Facts/fact_2_3.png; sourceTree = "<group>"; };
		764EC6201A3093B900FE4970 /* fact_2_4.png */ = {isa = PBXFileReference; lastKnownFileType = image.png; name = fact_2_4.png; path = CMS/Images/Facts/fact_2_4.png; sourceTree = "<group>"; };
		764EC6211A3093B900FE4970 /* fact_3_1.png */ = {isa = PBXFileReference; lastKnownFileType = image.png; name = fact_3_1.png; path = CMS/Images/Facts/fact_3_1.png; sourceTree = "<group>"; };
		764EC6221A3093B900FE4970 /* fact_3_2.png */ = {isa = PBXFileReference; lastKnownFileType = image.png; name = fact_3_2.png; path = CMS/Images/Facts/fact_3_2.png; sourceTree = "<group>"; };
		764EC6231A3093B900FE4970 /* fact_3_3.png */ = {isa = PBXFileReference; lastKnownFileType = image.png; name = fact_3_3.png; path = CMS/Images/Facts/fact_3_3.png; sourceTree = "<group>"; };
		764EC6241A3093B900FE4970 /* fact_3_4.png */ = {isa = PBXFileReference; lastKnownFileType = image.png; name = fact_3_4.png; path = CMS/Images/Facts/fact_3_4.png; sourceTree = "<group>"; };
		764EC6251A3093B900FE4970 /* fact_4_1.png */ = {isa = PBXFileReference; lastKnownFileType = image.png; name = fact_4_1.png; path = CMS/Images/Facts/fact_4_1.png; sourceTree = "<group>"; };
		764EC6261A3093B900FE4970 /* fact_4_2.png */ = {isa = PBXFileReference; lastKnownFileType = image.png; name = fact_4_2.png; path = CMS/Images/Facts/fact_4_2.png; sourceTree = "<group>"; };
		764EC6271A3093B900FE4970 /* fact_4_3.png */ = {isa = PBXFileReference; lastKnownFileType = image.png; name = fact_4_3.png; path = CMS/Images/Facts/fact_4_3.png; sourceTree = "<group>"; };
		764EC6281A3093B900FE4970 /* fact_4_4.png */ = {isa = PBXFileReference; lastKnownFileType = image.png; name = fact_4_4.png; path = CMS/Images/Facts/fact_4_4.png; sourceTree = "<group>"; };
		764EC6291A3093B900FE4970 /* fact_5_1.png */ = {isa = PBXFileReference; lastKnownFileType = image.png; name = fact_5_1.png; path = CMS/Images/Facts/fact_5_1.png; sourceTree = "<group>"; };
		764EC62A1A3093B900FE4970 /* fact_5_2.png */ = {isa = PBXFileReference; lastKnownFileType = image.png; name = fact_5_2.png; path = CMS/Images/Facts/fact_5_2.png; sourceTree = "<group>"; };
		764EC62B1A3093B900FE4970 /* fact_5_3.png */ = {isa = PBXFileReference; lastKnownFileType = image.png; name = fact_5_3.png; path = CMS/Images/Facts/fact_5_3.png; sourceTree = "<group>"; };
		764EC62C1A3093B900FE4970 /* fact_5_4.png */ = {isa = PBXFileReference; lastKnownFileType = image.png; name = fact_5_4.png; path = CMS/Images/Facts/fact_5_4.png; sourceTree = "<group>"; };
		764EC62D1A3093B900FE4970 /* fact_6_1.png */ = {isa = PBXFileReference; lastKnownFileType = image.png; name = fact_6_1.png; path = CMS/Images/Facts/fact_6_1.png; sourceTree = "<group>"; };
		764EC62E1A3093B900FE4970 /* fact_6_2.png */ = {isa = PBXFileReference; lastKnownFileType = image.png; name = fact_6_2.png; path = CMS/Images/Facts/fact_6_2.png; sourceTree = "<group>"; };
		764EC62F1A3093B900FE4970 /* fact_6_3.png */ = {isa = PBXFileReference; lastKnownFileType = image.png; name = fact_6_3.png; path = CMS/Images/Facts/fact_6_3.png; sourceTree = "<group>"; };
		764EC6301A3093B900FE4970 /* fact_6_4.png */ = {isa = PBXFileReference; lastKnownFileType = image.png; name = fact_6_4.png; path = CMS/Images/Facts/fact_6_4.png; sourceTree = "<group>"; };
		764EC6311A3093B900FE4970 /* fact_7_1.png */ = {isa = PBXFileReference; lastKnownFileType = image.png; name = fact_7_1.png; path = CMS/Images/Facts/fact_7_1.png; sourceTree = "<group>"; };
		764EC6321A3093B900FE4970 /* fact_7_2.png */ = {isa = PBXFileReference; lastKnownFileType = image.png; name = fact_7_2.png; path = CMS/Images/Facts/fact_7_2.png; sourceTree = "<group>"; };
		764EC6331A3093B900FE4970 /* fact_7_3.png */ = {isa = PBXFileReference; lastKnownFileType = image.png; name = fact_7_3.png; path = CMS/Images/Facts/fact_7_3.png; sourceTree = "<group>"; };
		764EC6341A3093B900FE4970 /* fact_7_4.png */ = {isa = PBXFileReference; lastKnownFileType = image.png; name = fact_7_4.png; path = CMS/Images/Facts/fact_7_4.png; sourceTree = "<group>"; };
		764EC6511A3093D600FE4970 /* thumb_1.png */ = {isa = PBXFileReference; lastKnownFileType = image.png; name = thumb_1.png; path = CMS/Images/Thumbs/thumb_1.png; sourceTree = "<group>"; };
		764EC6521A3093D600FE4970 /* thumb_2.png */ = {isa = PBXFileReference; lastKnownFileType = image.png; name = thumb_2.png; path = CMS/Images/Thumbs/thumb_2.png; sourceTree = "<group>"; };
		764EC6531A3093D600FE4970 /* thumb_3.png */ = {isa = PBXFileReference; lastKnownFileType = image.png; name = thumb_3.png; path = CMS/Images/Thumbs/thumb_3.png; sourceTree = "<group>"; };
		764EC6541A3093D600FE4970 /* thumb_4.png */ = {isa = PBXFileReference; lastKnownFileType = image.png; name = thumb_4.png; path = CMS/Images/Thumbs/thumb_4.png; sourceTree = "<group>"; };
		764EC6551A3093D600FE4970 /* thumb_5.png */ = {isa = PBXFileReference; lastKnownFileType = image.png; name = thumb_5.png; path = CMS/Images/Thumbs/thumb_5.png; sourceTree = "<group>"; };
		764EC6561A3093D600FE4970 /* thumb_6.png */ = {isa = PBXFileReference; lastKnownFileType = image.png; name = thumb_6.png; path = CMS/Images/Thumbs/thumb_6.png; sourceTree = "<group>"; };
		764EC6571A3093D600FE4970 /* thumb_7.png */ = {isa = PBXFileReference; lastKnownFileType = image.png; name = thumb_7.png; path = CMS/Images/Thumbs/thumb_7.png; sourceTree = "<group>"; };
		764EC65F1A30A3A600FE4970 /* Splash_Screen_logo.png */ = {isa = PBXFileReference; lastKnownFileType = image.png; path = Splash_Screen_logo.png; sourceTree = SOURCE_ROOT; };
		764EC6641A31B5BB00FE4970 /* BaseCollectionViewCell.swift */ = {isa = PBXFileReference; fileEncoding = 4; lastKnownFileType = sourcecode.swift; path = BaseCollectionViewCell.swift; sourceTree = "<group>"; };
		764EC6671A31CB6000FE4970 /* FactViewController.swift */ = {isa = PBXFileReference; fileEncoding = 4; lastKnownFileType = sourcecode.swift; path = FactViewController.swift; sourceTree = "<group>"; };
		764EC6691A31CF4D00FE4970 /* FactPageViewController.swift */ = {isa = PBXFileReference; fileEncoding = 4; lastKnownFileType = sourcecode.swift; path = FactPageViewController.swift; sourceTree = "<group>"; };
		764EC66B1A31DE1B00FE4970 /* FactPageViewControllerDataSource.swift */ = {isa = PBXFileReference; fileEncoding = 4; lastKnownFileType = sourcecode.swift; path = FactPageViewControllerDataSource.swift; sourceTree = "<group>"; };
		765B84171A1B589A00C84DAC /* ReachabilityManager.swift */ = {isa = PBXFileReference; fileEncoding = 4; lastKnownFileType = sourcecode.swift; path = ReachabilityManager.swift; sourceTree = "<group>"; };
		765B841A1A1B954500C84DAC /* RNCachingURLProtocol.h */ = {isa = PBXFileReference; fileEncoding = 4; lastKnownFileType = sourcecode.c.h; name = RNCachingURLProtocol.h; path = External/RNCachingURLProtocol.h; sourceTree = "<group>"; };
		765B841B1A1B954500C84DAC /* RNCachingURLProtocol.m */ = {isa = PBXFileReference; fileEncoding = 4; lastKnownFileType = sourcecode.c.objc; name = RNCachingURLProtocol.m; path = External/RNCachingURLProtocol.m; sourceTree = "<group>"; };
		765B841D1A1C996900C84DAC /* AttractionTests.swift */ = {isa = PBXFileReference; fileEncoding = 4; lastKnownFileType = sourcecode.swift; path = AttractionTests.swift; sourceTree = "<group>"; };
		76A2DBD81A1635A400341118 /* DebugRegionStatusView.swift */ = {isa = PBXFileReference; fileEncoding = 4; lastKnownFileType = sourcecode.swift; path = DebugRegionStatusView.swift; sourceTree = "<group>"; };
		76BF41181A0CCCE60042966D /* TuiBuddySwift.app */ = {isa = PBXFileReference; explicitFileType = wrapper.application; includeInIndex = 0; path = TuiBuddySwift.app; sourceTree = BUILT_PRODUCTS_DIR; };
		76BF411C1A0CCCE60042966D /* Info.plist */ = {isa = PBXFileReference; lastKnownFileType = text.plist.xml; path = Info.plist; sourceTree = "<group>"; };
		76BF411D1A0CCCE60042966D /* AppDelegate.swift */ = {isa = PBXFileReference; lastKnownFileType = sourcecode.swift; path = AppDelegate.swift; sourceTree = "<group>"; };
		76BF41241A0CCCE60042966D /* Base */ = {isa = PBXFileReference; lastKnownFileType = file.storyboard; name = Base; path = Base.lproj/Main.storyboard; sourceTree = "<group>"; };
		76BF41261A0CCCE60042966D /* Images.xcassets */ = {isa = PBXFileReference; lastKnownFileType = folder.assetcatalog; path = Images.xcassets; sourceTree = "<group>"; };
		76BF41291A0CCCE60042966D /* Base */ = {isa = PBXFileReference; lastKnownFileType = file.xib; name = Base; path = Base.lproj/LaunchScreen.xib; sourceTree = "<group>"; };
		76BF412F1A0CCCE60042966D /* TuiBuddySwiftTests.xctest */ = {isa = PBXFileReference; explicitFileType = wrapper.cfbundle; includeInIndex = 0; path = TuiBuddySwiftTests.xctest; sourceTree = BUILT_PRODUCTS_DIR; };
		76BF41341A0CCCE60042966D /* Info.plist */ = {isa = PBXFileReference; lastKnownFileType = text.plist.xml; path = Info.plist; sourceTree = "<group>"; };
		76BF41451A0CE4700042966D /* AddEditAttractionViewController.swift */ = {isa = PBXFileReference; fileEncoding = 4; lastKnownFileType = sourcecode.swift; path = AddEditAttractionViewController.swift; sourceTree = "<group>"; };
		76BF41471A10D9B10042966D /* attractions.sqlite */ = {isa = PBXFileReference; lastKnownFileType = file; name = attractions.sqlite; path = Resources/attractions.sqlite; sourceTree = "<group>"; };
		76BF41491A10DB570042966D /* BridgingHeader.h */ = {isa = PBXFileReference; lastKnownFileType = sourcecode.c.h; path = BridgingHeader.h; sourceTree = "<group>"; };
		76BF414A1A10DB830042966D /* libsqlite3.0.dylib */ = {isa = PBXFileReference; lastKnownFileType = "compiled.mach-o.dylib"; name = libsqlite3.0.dylib; path = usr/lib/libsqlite3.0.dylib; sourceTree = SDKROOT; };
		76BF414C1A10DDA80042966D /* AttractionManager.swift */ = {isa = PBXFileReference; fileEncoding = 4; lastKnownFileType = sourcecode.swift; path = AttractionManager.swift; sourceTree = "<group>"; };
		76BF414E1A10FA980042966D /* Attraction.swift */ = {isa = PBXFileReference; fileEncoding = 4; lastKnownFileType = sourcecode.swift; path = Attraction.swift; sourceTree = "<group>"; };
		76D41FA01A23219F0053F687 /* AttractionFactViewController.swift */ = {isa = PBXFileReference; fileEncoding = 4; lastKnownFileType = sourcecode.swift; path = AttractionFactViewController.swift; sourceTree = "<group>"; };
		76D41FA71A2328E10053F687 /* Fact.swift */ = {isa = PBXFileReference; fileEncoding = 4; lastKnownFileType = sourcecode.swift; path = Fact.swift; sourceTree = "<group>"; };
		76D41FAA1A232EFE0053F687 /* FactTests.swift */ = {isa = PBXFileReference; fileEncoding = 4; lastKnownFileType = sourcecode.swift; path = FactTests.swift; sourceTree = "<group>"; };
		76D41FAE1A2359720053F687 /* attractions.plist */ = {isa = PBXFileReference; fileEncoding = 4; lastKnownFileType = text.plist.xml; name = attractions.plist; path = CMS/attractions.plist; sourceTree = "<group>"; };
		76D41FB21A237A810053F687 /* attractions_test.plist */ = {isa = PBXFileReference; fileEncoding = 4; lastKnownFileType = text.plist.xml; name = attractions_test.plist; path = CMS/attractions_test.plist; sourceTree = "<group>"; };
		76EBF36E1A122B5200D7E3F8 /* RegionManager.swift */ = {isa = PBXFileReference; fileEncoding = 4; lastKnownFileType = sourcecode.swift; path = RegionManager.swift; sourceTree = "<group>"; };
		76EBF3701A122C1E00D7E3F8 /* CoreLocation.framework */ = {isa = PBXFileReference; lastKnownFileType = wrapper.framework; name = CoreLocation.framework; path = System/Library/Frameworks/CoreLocation.framework; sourceTree = SDKROOT; };
		76EBF38D1A14B1FF00D7E3F8 /* AttractionManagerTests.swift */ = {isa = PBXFileReference; fileEncoding = 4; lastKnownFileType = sourcecode.swift; path = AttractionManagerTests.swift; sourceTree = "<group>"; };
		76EBF3921A14B54800D7E3F8 /* BridgingHeader.h */ = {isa = PBXFileReference; lastKnownFileType = sourcecode.c.h; path = BridgingHeader.h; sourceTree = "<group>"; };
		BB38AA62E3007C5D44CCD618 /* Pods.debug.xcconfig */ = {isa = PBXFileReference; includeInIndex = 1; lastKnownFileType = text.xcconfig; name = Pods.debug.xcconfig; path = "Pods/Target Support Files/Pods/Pods.debug.xcconfig"; sourceTree = "<group>"; };
/* End PBXFileReference section */

/* Begin PBXFrameworksBuildPhase section */
		76BF41151A0CCCE60042966D /* Frameworks */ = {
			isa = PBXFrameworksBuildPhase;
			buildActionMask = 2147483647;
			files = (
				76EBF3711A122C1E00D7E3F8 /* CoreLocation.framework in Frameworks */,
				76BF414B1A10DB830042966D /* libsqlite3.0.dylib in Frameworks */,
				43FE513F6EF8C7E8E43475F0 /* libPods.a in Frameworks */,
			);
			runOnlyForDeploymentPostprocessing = 0;
		};
		76BF412C1A0CCCE60042966D /* Frameworks */ = {
			isa = PBXFrameworksBuildPhase;
			buildActionMask = 2147483647;
			files = (
				76EBF3931A14B59D00D7E3F8 /* libsqlite3.0.dylib in Frameworks */,
			);
			runOnlyForDeploymentPostprocessing = 0;
		};
/* End PBXFrameworksBuildPhase section */

/* Begin PBXGroup section */
		48D908268516926BDBEA5753 /* Pods */ = {
			isa = PBXGroup;
			children = (
				BB38AA62E3007C5D44CCD618 /* Pods.debug.xcconfig */,
				220296A9B64819CD83E9CC30 /* Pods.release.xcconfig */,
			);
			name = Pods;
			sourceTree = "<group>";
		};
		7623B6011A2C817A00390EEE /* Fonts */ = {
			isa = PBXGroup;
			children = (
				7623B6021A2C819F00390EEE /* TUIType.otf */,
				7623B6031A2C819F00390EEE /* TUITypeBd.otf */,
				7623B6041A2C819F00390EEE /* TUITypeBdIt.otf */,
				7623B6051A2C819F00390EEE /* TUITypeIt.otf */,
				7623B6061A2C819F00390EEE /* TUITypeLt.otf */,
				7623B6071A2C819F00390EEE /* TUITypeLtBd.otf */,
				7623B6081A2C819F00390EEE /* TUITypeLtBI.otf */,
				7623B6091A2C819F00390EEE /* TUITypeLtIt.otf */,
			);
			name = Fonts;
			sourceTree = "<group>";
		};
		7623B6121A2C951700390EEE /* Models */ = {
			isa = PBXGroup;
			children = (
				76BF414E1A10FA980042966D /* Attraction.swift */,
				76D41FA71A2328E10053F687 /* Fact.swift */,
				761421711A2F3BAF0089198F /* Iterator.swift */,
			);
			name = Models;
			sourceTree = "<group>";
		};
		7623B6131A2C952100390EEE /* Views */ = {
			isa = PBXGroup;
			children = (
				76A2DBD81A1635A400341118 /* DebugRegionStatusView.swift */,
				7623B61E1A2DAC4900390EEE /* AttractionViewCell.swift */,
				764EC6641A31B5BB00FE4970 /* BaseCollectionViewCell.swift */,
			);
			name = Views;
			sourceTree = "<group>";
		};
		7623B6141A2C953000390EEE /* Controllers */ = {
			isa = PBXGroup;
			children = (
				76BF41451A0CE4700042966D /* AddEditAttractionViewController.swift */,
				76BF414C1A10DDA80042966D /* AttractionManager.swift */,
				76EBF36E1A122B5200D7E3F8 /* RegionManager.swift */,
				760CB36C1A15099100789A55 /* NotificationManager.swift */,
				760CB3711A16189200789A55 /* DebugViewController.swift */,
				765B84171A1B589A00C84DAC /* ReachabilityManager.swift */,
				76D41FA01A23219F0053F687 /* AttractionFactViewController.swift */,
				7623B61C1A2DAB3A00390EEE /* AttractionsCollectionViewController.swift */,
				7614216E1A2F39E70089198F /* CmsManager.swift */,
				764EC6671A31CB6000FE4970 /* FactViewController.swift */,
				764EC6691A31CF4D00FE4970 /* FactPageViewController.swift */,
				764EC66B1A31DE1B00FE4970 /* FactPageViewControllerDataSource.swift */,
			);
			name = Controllers;
			sourceTree = "<group>";
		};
		7623B6151A2C954200390EEE /* Constants */ = {
			isa = PBXGroup;
			children = (
				7623B6161A2CA2CE00390EEE /* Fonts.swift */,
				7623B6181A2CAF2A00390EEE /* Colors.swift */,
				7623B61A1A2CB79000390EEE /* Layout.swift */,
				7640DEE01A2DE5D5005DD518 /* Segues.swift */,
				7614216A1A2F2C870089198F /* Strings.swift */,
				7614216C1A2F2D330089198F /* Numbers.swift */,
			);
			name = Constants;
			sourceTree = "<group>";
		};
		764EC6081A30935600FE4970 /* background */ = {
			isa = PBXGroup;
			children = (
				764EC60B1A30938D00FE4970 /* background_1.png */,
				764EC60C1A30938D00FE4970 /* background_2.png */,
				764EC60D1A30938D00FE4970 /* background_3.png */,
				764EC60E1A30938D00FE4970 /* background_4.png */,
				764EC60F1A30938D00FE4970 /* background_5.png */,
				764EC6101A30938D00FE4970 /* background_6.png */,
				764EC6111A30938D00FE4970 /* background_7.png */,
			);
			name = background;
			sourceTree = "<group>";
		};
		764EC6091A30936100FE4970 /* thumbs */ = {
			isa = PBXGroup;
			children = (
				764EC6511A3093D600FE4970 /* thumb_1.png */,
				764EC6521A3093D600FE4970 /* thumb_2.png */,
				764EC6531A3093D600FE4970 /* thumb_3.png */,
				764EC6541A3093D600FE4970 /* thumb_4.png */,
				764EC6551A3093D600FE4970 /* thumb_5.png */,
				764EC6561A3093D600FE4970 /* thumb_6.png */,
				764EC6571A3093D600FE4970 /* thumb_7.png */,
			);
			name = thumbs;
			sourceTree = "<group>";
		};
		764EC60A1A30936A00FE4970 /* facts */ = {
			isa = PBXGroup;
			children = (
				764EC6191A3093B900FE4970 /* fact_1_1.png */,
				764EC61A1A3093B900FE4970 /* fact_1_2.png */,
				764EC61B1A3093B900FE4970 /* fact_1_3.png */,
				764EC61C1A3093B900FE4970 /* fact_1_4.png */,
				764EC61D1A3093B900FE4970 /* fact_2_1.png */,
				764EC61E1A3093B900FE4970 /* fact_2_2.png */,
				764EC61F1A3093B900FE4970 /* fact_2_3.png */,
				764EC6201A3093B900FE4970 /* fact_2_4.png */,
				764EC6211A3093B900FE4970 /* fact_3_1.png */,
				764EC6221A3093B900FE4970 /* fact_3_2.png */,
				764EC6231A3093B900FE4970 /* fact_3_3.png */,
				764EC6241A3093B900FE4970 /* fact_3_4.png */,
				764EC6251A3093B900FE4970 /* fact_4_1.png */,
				764EC6261A3093B900FE4970 /* fact_4_2.png */,
				764EC6271A3093B900FE4970 /* fact_4_3.png */,
				764EC6281A3093B900FE4970 /* fact_4_4.png */,
				764EC6291A3093B900FE4970 /* fact_5_1.png */,
				764EC62A1A3093B900FE4970 /* fact_5_2.png */,
				764EC62B1A3093B900FE4970 /* fact_5_3.png */,
				764EC62C1A3093B900FE4970 /* fact_5_4.png */,
				764EC62D1A3093B900FE4970 /* fact_6_1.png */,
				764EC62E1A3093B900FE4970 /* fact_6_2.png */,
				764EC62F1A3093B900FE4970 /* fact_6_3.png */,
				764EC6301A3093B900FE4970 /* fact_6_4.png */,
				764EC6311A3093B900FE4970 /* fact_7_1.png */,
				764EC6321A3093B900FE4970 /* fact_7_2.png */,
				764EC6331A3093B900FE4970 /* fact_7_3.png */,
				764EC6341A3093B900FE4970 /* fact_7_4.png */,
			);
			name = facts;
			sourceTree = "<group>";
		};
		765B84191A1B952700C84DAC /* External */ = {
			isa = PBXGroup;
			children = (
				765B841A1A1B954500C84DAC /* RNCachingURLProtocol.h */,
				765B841B1A1B954500C84DAC /* RNCachingURLProtocol.m */,
			);
			name = External;
			sourceTree = "<group>";
		};
		76BF410F1A0CCCE50042966D = {
			isa = PBXGroup;
			children = (
				76EBF38C1A14B1A200D7E3F8 /* Frameworks */,
				76BF411A1A0CCCE60042966D /* TuiBuddySwift */,
				76BF41321A0CCCE60042966D /* TuiBuddySwiftTests */,
				76BF41191A0CCCE60042966D /* Products */,
				48D908268516926BDBEA5753 /* Pods */,
			);
			sourceTree = "<group>";
		};
		76BF41191A0CCCE60042966D /* Products */ = {
			isa = PBXGroup;
			children = (
				76BF41181A0CCCE60042966D /* TuiBuddySwift.app */,
				76BF412F1A0CCCE60042966D /* TuiBuddySwiftTests.xctest */,
			);
			name = Products;
			sourceTree = "<group>";
		};
		76BF411A1A0CCCE60042966D /* TuiBuddySwift */ = {
			isa = PBXGroup;
			children = (
				7623B6151A2C954200390EEE /* Constants */,
				7623B6141A2C953000390EEE /* Controllers */,
				7623B6131A2C952100390EEE /* Views */,
				7623B6121A2C951700390EEE /* Models */,
				7623B6011A2C817A00390EEE /* Fonts */,
				76D41FA21A23239A0053F687 /* CMS */,
				765B84191A1B952700C84DAC /* External */,
				76BF41491A10DB570042966D /* BridgingHeader.h */,
				760CB3691A14FCB000789A55 /* Config.swift */,
				76BF411D1A0CCCE60042966D /* AppDelegate.swift */,
				764EC65F1A30A3A600FE4970 /* Splash_Screen_logo.png */,
				76BF41231A0CCCE60042966D /* Main.storyboard */,
				76BF41261A0CCCE60042966D /* Images.xcassets */,
				76BF41281A0CCCE60042966D /* LaunchScreen.xib */,
				76BF411B1A0CCCE60042966D /* Supporting Files */,
			);
			path = TuiBuddySwift;
			sourceTree = "<group>";
		};
		76BF411B1A0CCCE60042966D /* Supporting Files */ = {
			isa = PBXGroup;
			children = (
				76BF411C1A0CCCE60042966D /* Info.plist */,
			);
			name = "Supporting Files";
			sourceTree = "<group>";
		};
		76BF41321A0CCCE60042966D /* TuiBuddySwiftTests */ = {
			isa = PBXGroup;
			children = (
				764EC6061A30813D00FE4970 /* IteratorTests.swift */,
				764EC6021A306DF200FE4970 /* CmsManagerTests.swift */,
				76D41FAA1A232EFE0053F687 /* FactTests.swift */,
				765B841D1A1C996900C84DAC /* AttractionTests.swift */,
				760CB36F1A1511ED00789A55 /* NotificationManagerTests.swift */,
				76EBF38D1A14B1FF00D7E3F8 /* AttractionManagerTests.swift */,
				761F2AF11A14D936007ECC6D /* RegionManagerTests.swift */,
				76BF41331A0CCCE60042966D /* Supporting Files */,
				76EBF3921A14B54800D7E3F8 /* BridgingHeader.h */,
			);
			path = TuiBuddySwiftTests;
			sourceTree = "<group>";
		};
		76BF41331A0CCCE60042966D /* Supporting Files */ = {
			isa = PBXGroup;
			children = (
				76BF41341A0CCCE60042966D /* Info.plist */,
			);
			name = "Supporting Files";
			sourceTree = "<group>";
		};
		76D41FA21A23239A0053F687 /* CMS */ = {
			isa = PBXGroup;
			children = (
				764EC60A1A30936A00FE4970 /* facts */,
				764EC6091A30936100FE4970 /* thumbs */,
				764EC6081A30935600FE4970 /* background */,
				76BF41471A10D9B10042966D /* attractions.sqlite */,
				7624F8C51A2F5D2D001DA624 /* attractions_test.sqlite */,
				76D41FAE1A2359720053F687 /* attractions.plist */,
				76D41FB21A237A810053F687 /* attractions_test.plist */,
			);
			name = CMS;
			sourceTree = "<group>";
		};
		76EBF38C1A14B1A200D7E3F8 /* Frameworks */ = {
			isa = PBXGroup;
			children = (
				76EBF3701A122C1E00D7E3F8 /* CoreLocation.framework */,
				76BF414A1A10DB830042966D /* libsqlite3.0.dylib */,
				05FD881CE5BCE14B247F6CF7 /* libPods.a */,
			);
			name = Frameworks;
			sourceTree = "<group>";
		};
/* End PBXGroup section */

/* Begin PBXNativeTarget section */
		76BF41171A0CCCE60042966D /* TuiBuddySwift */ = {
			isa = PBXNativeTarget;
			buildConfigurationList = 76BF41391A0CCCE60042966D /* Build configuration list for PBXNativeTarget "TuiBuddySwift" */;
			buildPhases = (
				48A0174A5C8FDD5E947ED1BE /* Check Pods Manifest.lock */,
				76BF41141A0CCCE60042966D /* Sources */,
				76BF41151A0CCCE60042966D /* Frameworks */,
				76BF41161A0CCCE60042966D /* Resources */,
				9C6B7902F16909F5BAA98F79 /* Copy Pods Resources */,
			);
			buildRules = (
			);
			dependencies = (
			);
			name = TuiBuddySwift;
			productName = TuiBuddySwift;
			productReference = 76BF41181A0CCCE60042966D /* TuiBuddySwift.app */;
			productType = "com.apple.product-type.application";
		};
		76BF412E1A0CCCE60042966D /* TuiBuddySwiftTests */ = {
			isa = PBXNativeTarget;
			buildConfigurationList = 76BF413C1A0CCCE60042966D /* Build configuration list for PBXNativeTarget "TuiBuddySwiftTests" */;
			buildPhases = (
				76BF412B1A0CCCE60042966D /* Sources */,
				76BF412C1A0CCCE60042966D /* Frameworks */,
				76BF412D1A0CCCE60042966D /* Resources */,
			);
			buildRules = (
			);
			dependencies = (
				76BF41311A0CCCE60042966D /* PBXTargetDependency */,
			);
			name = TuiBuddySwiftTests;
			productName = TuiBuddySwiftTests;
			productReference = 76BF412F1A0CCCE60042966D /* TuiBuddySwiftTests.xctest */;
			productType = "com.apple.product-type.bundle.unit-test";
		};
/* End PBXNativeTarget section */

/* Begin PBXProject section */
		76BF41101A0CCCE50042966D /* Project object */ = {
			isa = PBXProject;
			attributes = {
				LastUpgradeCheck = 0610;
				ORGANIZATIONNAME = "Tui Travel A&D";
				TargetAttributes = {
					76BF41171A0CCCE60042966D = {
						CreatedOnToolsVersion = 6.1;
					};
					76BF412E1A0CCCE60042966D = {
						CreatedOnToolsVersion = 6.1;
						TestTargetID = 76BF41171A0CCCE60042966D;
					};
				};
			};
			buildConfigurationList = 76BF41131A0CCCE50042966D /* Build configuration list for PBXProject "TuiBuddySwift" */;
			compatibilityVersion = "Xcode 3.2";
			developmentRegion = English;
			hasScannedForEncodings = 0;
			knownRegions = (
				en,
				Base,
			);
			mainGroup = 76BF410F1A0CCCE50042966D;
			productRefGroup = 76BF41191A0CCCE60042966D /* Products */;
			projectDirPath = "";
			projectRoot = "";
			targets = (
				76BF41171A0CCCE60042966D /* TuiBuddySwift */,
				76BF412E1A0CCCE60042966D /* TuiBuddySwiftTests */,
			);
		};
/* End PBXProject section */

/* Begin PBXResourcesBuildPhase section */
		76BF41161A0CCCE60042966D /* Resources */ = {
			isa = PBXResourcesBuildPhase;
			buildActionMask = 2147483647;
			files = (
				764EC63E1A3093B900FE4970 /* fact_3_2.png in Resources */,
				764EC65A1A3093D600FE4970 /* thumb_3.png in Resources */,
				764EC63B1A3093B900FE4970 /* fact_2_3.png in Resources */,
				764EC6581A3093D600FE4970 /* thumb_1.png in Resources */,
				7623B60A1A2C819F00390EEE /* TUIType.otf in Resources */,
				764EC63D1A3093B900FE4970 /* fact_3_1.png in Resources */,
				76BF41251A0CCCE60042966D /* Main.storyboard in Resources */,
				764EC6431A3093B900FE4970 /* fact_4_3.png in Resources */,
				764EC6421A3093B900FE4970 /* fact_4_2.png in Resources */,
				76BF412A1A0CCCE60042966D /* LaunchScreen.xib in Resources */,
				764EC6161A30938D00FE4970 /* background_5.png in Resources */,
				764EC65E1A3093D600FE4970 /* thumb_7.png in Resources */,
				764EC6121A30938D00FE4970 /* background_1.png in Resources */,
				764EC6401A3093B900FE4970 /* fact_3_4.png in Resources */,
				764EC64C1A3093B900FE4970 /* fact_6_4.png in Resources */,
				764EC6391A3093B900FE4970 /* fact_2_1.png in Resources */,
				764EC6041A30719D00FE4970 /* attractions_test.plist in Resources */,
				764EC6471A3093B900FE4970 /* fact_5_3.png in Resources */,
				76BF41481A10D9B10042966D /* attractions.sqlite in Resources */,
				764EC6181A30938D00FE4970 /* background_7.png in Resources */,
				7624F8C91A3058F0001DA624 /* attractions_test.sqlite in Resources */,
				764EC6501A3093B900FE4970 /* fact_7_4.png in Resources */,
				7623B60F1A2C819F00390EEE /* TUITypeLtBd.otf in Resources */,
				764EC63A1A3093B900FE4970 /* fact_2_2.png in Resources */,
				764EC64E1A3093B900FE4970 /* fact_7_2.png in Resources */,
				764EC6461A3093B900FE4970 /* fact_5_2.png in Resources */,
				7623B60C1A2C819F00390EEE /* TUITypeBdIt.otf in Resources */,
				76BF41271A0CCCE60042966D /* Images.xcassets in Resources */,
				764EC65C1A3093D600FE4970 /* thumb_5.png in Resources */,
				764EC6411A3093B900FE4970 /* fact_4_1.png in Resources */,
				764EC64B1A3093B900FE4970 /* fact_6_3.png in Resources */,
				7623B60D1A2C819F00390EEE /* TUITypeIt.otf in Resources */,
				764EC6131A30938D00FE4970 /* background_2.png in Resources */,
				764EC6361A3093B900FE4970 /* fact_1_2.png in Resources */,
				764EC6171A30938D00FE4970 /* background_6.png in Resources */,
				7623B60E1A2C819F00390EEE /* TUITypeLt.otf in Resources */,
				764EC6141A30938D00FE4970 /* background_3.png in Resources */,
				764EC65B1A3093D600FE4970 /* thumb_4.png in Resources */,
				764EC64F1A3093B900FE4970 /* fact_7_3.png in Resources */,
				764EC6491A3093B900FE4970 /* fact_6_1.png in Resources */,
				764EC6381A3093B900FE4970 /* fact_1_4.png in Resources */,
				764EC6371A3093B900FE4970 /* fact_1_3.png in Resources */,
				764EC63C1A3093B900FE4970 /* fact_2_4.png in Resources */,
				764EC6481A3093B900FE4970 /* fact_5_4.png in Resources */,
				7623B60B1A2C819F00390EEE /* TUITypeBd.otf in Resources */,
				764EC6151A30938D00FE4970 /* background_4.png in Resources */,
				764EC64D1A3093B900FE4970 /* fact_7_1.png in Resources */,
				7623B6101A2C819F00390EEE /* TUITypeLtBI.otf in Resources */,
				764EC6441A3093B900FE4970 /* fact_4_4.png in Resources */,
				764EC6601A30A3A600FE4970 /* Splash_Screen_logo.png in Resources */,
				76D41FAF1A2359720053F687 /* attractions.plist in Resources */,
				764EC64A1A3093B900FE4970 /* fact_6_2.png in Resources */,
				764EC6351A3093B900FE4970 /* fact_1_1.png in Resources */,
				764EC65D1A3093D600FE4970 /* thumb_6.png in Resources */,
				7623B6111A2C819F00390EEE /* TUITypeLtIt.otf in Resources */,
				764EC63F1A3093B900FE4970 /* fact_3_3.png in Resources */,
				764EC6451A3093B900FE4970 /* fact_5_1.png in Resources */,
				764EC6591A3093D600FE4970 /* thumb_2.png in Resources */,
			);
			runOnlyForDeploymentPostprocessing = 0;
		};
		76BF412D1A0CCCE60042966D /* Resources */ = {
			isa = PBXResourcesBuildPhase;
			buildActionMask = 2147483647;
			files = (
				7624F8C71A2F5D2D001DA624 /* attractions_test.sqlite in Resources */,
				7624F8CA1A3058F4001DA624 /* attractions.sqlite in Resources */,
				7624F8C81A2F5D42001DA624 /* attractions_test.plist in Resources */,
				764EC6611A30A3A600FE4970 /* Splash_Screen_logo.png in Resources */,
				764EC6051A3071A600FE4970 /* attractions.plist in Resources */,
			);
			runOnlyForDeploymentPostprocessing = 0;
		};
/* End PBXResourcesBuildPhase section */

/* Begin PBXShellScriptBuildPhase section */
		48A0174A5C8FDD5E947ED1BE /* Check Pods Manifest.lock */ = {
			isa = PBXShellScriptBuildPhase;
			buildActionMask = 2147483647;
			files = (
			);
			inputPaths = (
			);
			name = "Check Pods Manifest.lock";
			outputPaths = (
			);
			runOnlyForDeploymentPostprocessing = 0;
			shellPath = /bin/sh;
			shellScript = "diff \"${PODS_ROOT}/../Podfile.lock\" \"${PODS_ROOT}/Manifest.lock\" > /dev/null\nif [[ $? != 0 ]] ; then\n    cat << EOM\nerror: The sandbox is not in sync with the Podfile.lock. Run 'pod install' or update your CocoaPods installation.\nEOM\n    exit 1\nfi\n";
			showEnvVarsInLog = 0;
		};
		9C6B7902F16909F5BAA98F79 /* Copy Pods Resources */ = {
			isa = PBXShellScriptBuildPhase;
			buildActionMask = 2147483647;
			files = (
			);
			inputPaths = (
			);
			name = "Copy Pods Resources";
			outputPaths = (
			);
			runOnlyForDeploymentPostprocessing = 0;
			shellPath = /bin/sh;
			shellScript = "\"${SRCROOT}/Pods/Target Support Files/Pods/Pods-resources.sh\"\n";
			showEnvVarsInLog = 0;
		};
/* End PBXShellScriptBuildPhase section */

/* Begin PBXSourcesBuildPhase section */
		76BF41141A0CCCE60042966D /* Sources */ = {
			isa = PBXSourcesBuildPhase;
			buildActionMask = 2147483647;
			files = (
				7623B6171A2CA2CE00390EEE /* Fonts.swift in Sources */,
				761421721A2F3BAF0089198F /* Iterator.swift in Sources */,
				76BF411E1A0CCCE60042966D /* AppDelegate.swift in Sources */,
				7614216D1A2F2D330089198F /* Numbers.swift in Sources */,
				764EC66C1A31DE1B00FE4970 /* FactPageViewControllerDataSource.swift in Sources */,
				7614216B1A2F2C870089198F /* Strings.swift in Sources */,
				76BF414D1A10DDA80042966D /* AttractionManager.swift in Sources */,
				764EC6681A31CB6000FE4970 /* FactViewController.swift in Sources */,
				7623B6191A2CAF2A00390EEE /* Colors.swift in Sources */,
				7623B61B1A2CB79000390EEE /* Layout.swift in Sources */,
				7614216F1A2F39E70089198F /* CmsManager.swift in Sources */,
				76EBF36F1A122B5200D7E3F8 /* RegionManager.swift in Sources */,
				7640DEE11A2DE5D5005DD518 /* Segues.swift in Sources */,
				7623B61D1A2DAB3A00390EEE /* AttractionsCollectionViewController.swift in Sources */,
				765B84181A1B589A00C84DAC /* ReachabilityManager.swift in Sources */,
				760CB36D1A15099100789A55 /* NotificationManager.swift in Sources */,
				760CB3721A16189200789A55 /* DebugViewController.swift in Sources */,
				764EC6651A31B5BB00FE4970 /* BaseCollectionViewCell.swift in Sources */,
				764EC66A1A31CF4D00FE4970 /* FactPageViewController.swift in Sources */,
				76D41FA81A2328E10053F687 /* Fact.swift in Sources */,
				76A2DBD91A1635A400341118 /* DebugRegionStatusView.swift in Sources */,
				760CB36A1A14FCB000789A55 /* Config.swift in Sources */,
				765B841C1A1B954500C84DAC /* RNCachingURLProtocol.m in Sources */,
				76BF414F1A10FA980042966D /* Attraction.swift in Sources */,
				76BF41461A0CE4700042966D /* AddEditAttractionViewController.swift in Sources */,
				7623B61F1A2DAC4900390EEE /* AttractionViewCell.swift in Sources */,
				76D41FA11A23219F0053F687 /* AttractionFactViewController.swift in Sources */,
			);
			runOnlyForDeploymentPostprocessing = 0;
		};
		76BF412B1A0CCCE60042966D /* Sources */ = {
			isa = PBXSourcesBuildPhase;
			buildActionMask = 2147483647;
			files = (
				7624F8BF1A2F5A05001DA624 /* Fonts.swift in Sources */,
				7624F8C01A2F5A05001DA624 /* Colors.swift in Sources */,
				76EBF3911A14B51500D7E3F8 /* Attraction.swift in Sources */,
				7624F8C21A2F5A05001DA624 /* Segues.swift in Sources */,
				761F2AF21A14D936007ECC6D /* RegionManagerTests.swift in Sources */,
				761F2AF31A14D99D007ECC6D /* RegionManager.swift in Sources */,
				764EC6071A30813D00FE4970 /* IteratorTests.swift in Sources */,
				7624F8C11A2F5A05001DA624 /* Layout.swift in Sources */,
				76EBF38F1A14B3BA00D7E3F8 /* AttractionManager.swift in Sources */,
				764EC6661A31B5BB00FE4970 /* BaseCollectionViewCell.swift in Sources */,
				765B841E1A1C996900C84DAC /* AttractionTests.swift in Sources */,
				761421701A2F39E70089198F /* CmsManager.swift in Sources */,
				7624F8C31A2F5A05001DA624 /* Strings.swift in Sources */,
				76D41FAB1A232EFE0053F687 /* FactTests.swift in Sources */,
				760CB36E1A15099100789A55 /* NotificationManager.swift in Sources */,
				76EBF38E1A14B1FF00D7E3F8 /* AttractionManagerTests.swift in Sources */,
				7624F8C41A2F5A05001DA624 /* Numbers.swift in Sources */,
				76D41FA91A232CCA0053F687 /* Fact.swift in Sources */,
				760CB3701A1511ED00789A55 /* NotificationManagerTests.swift in Sources */,
				764EC6031A306DF200FE4970 /* CmsManagerTests.swift in Sources */,
				761421731A2F3BAF0089198F /* Iterator.swift in Sources */,
				760CB36B1A14FCB000789A55 /* Config.swift in Sources */,
			);
			runOnlyForDeploymentPostprocessing = 0;
		};
/* End PBXSourcesBuildPhase section */

/* Begin PBXTargetDependency section */
		76BF41311A0CCCE60042966D /* PBXTargetDependency */ = {
			isa = PBXTargetDependency;
			target = 76BF41171A0CCCE60042966D /* TuiBuddySwift */;
			targetProxy = 76BF41301A0CCCE60042966D /* PBXContainerItemProxy */;
		};
/* End PBXTargetDependency section */

/* Begin PBXVariantGroup section */
		76BF41231A0CCCE60042966D /* Main.storyboard */ = {
			isa = PBXVariantGroup;
			children = (
				76BF41241A0CCCE60042966D /* Base */,
			);
			name = Main.storyboard;
			sourceTree = "<group>";
		};
		76BF41281A0CCCE60042966D /* LaunchScreen.xib */ = {
			isa = PBXVariantGroup;
			children = (
				76BF41291A0CCCE60042966D /* Base */,
			);
			name = LaunchScreen.xib;
			sourceTree = "<group>";
		};
/* End PBXVariantGroup section */

/* Begin XCBuildConfiguration section */
		76BF41371A0CCCE60042966D /* Debug */ = {
			isa = XCBuildConfiguration;
			buildSettings = {
				ALWAYS_SEARCH_USER_PATHS = NO;
				CLANG_CXX_LANGUAGE_STANDARD = "gnu++0x";
				CLANG_CXX_LIBRARY = "libc++";
				CLANG_ENABLE_MODULES = YES;
				CLANG_ENABLE_OBJC_ARC = YES;
				CLANG_WARN_BOOL_CONVERSION = YES;
				CLANG_WARN_CONSTANT_CONVERSION = YES;
				CLANG_WARN_DIRECT_OBJC_ISA_USAGE = YES_ERROR;
				CLANG_WARN_EMPTY_BODY = YES;
				CLANG_WARN_ENUM_CONVERSION = YES;
				CLANG_WARN_INT_CONVERSION = YES;
				CLANG_WARN_OBJC_ROOT_CLASS = YES_ERROR;
				CLANG_WARN_UNREACHABLE_CODE = YES;
				CLANG_WARN__DUPLICATE_METHOD_MATCH = YES;
				"CODE_SIGN_IDENTITY[sdk=iphoneos*]" = "iPhone Developer";
				COPY_PHASE_STRIP = NO;
				ENABLE_STRICT_OBJC_MSGSEND = YES;
				GCC_C_LANGUAGE_STANDARD = gnu99;
				GCC_DYNAMIC_NO_PIC = NO;
				GCC_OPTIMIZATION_LEVEL = 0;
				GCC_PREPROCESSOR_DEFINITIONS = (
					"DEBUG=1",
					"$(inherited)",
				);
				GCC_SYMBOLS_PRIVATE_EXTERN = NO;
				GCC_WARN_64_TO_32_BIT_CONVERSION = YES;
				GCC_WARN_ABOUT_RETURN_TYPE = YES_ERROR;
				GCC_WARN_UNDECLARED_SELECTOR = YES;
				GCC_WARN_UNINITIALIZED_AUTOS = YES_AGGRESSIVE;
				GCC_WARN_UNUSED_FUNCTION = YES;
				GCC_WARN_UNUSED_VARIABLE = YES;
				IPHONEOS_DEPLOYMENT_TARGET = 8.1;
				MTL_ENABLE_DEBUG_INFO = YES;
				ONLY_ACTIVE_ARCH = YES;
				SDKROOT = iphoneos;
				SWIFT_OPTIMIZATION_LEVEL = "-Onone";
			};
			name = Debug;
		};
		76BF41381A0CCCE60042966D /* Release */ = {
			isa = XCBuildConfiguration;
			buildSettings = {
				ALWAYS_SEARCH_USER_PATHS = NO;
				CLANG_CXX_LANGUAGE_STANDARD = "gnu++0x";
				CLANG_CXX_LIBRARY = "libc++";
				CLANG_ENABLE_MODULES = YES;
				CLANG_ENABLE_OBJC_ARC = YES;
				CLANG_WARN_BOOL_CONVERSION = YES;
				CLANG_WARN_CONSTANT_CONVERSION = YES;
				CLANG_WARN_DIRECT_OBJC_ISA_USAGE = YES_ERROR;
				CLANG_WARN_EMPTY_BODY = YES;
				CLANG_WARN_ENUM_CONVERSION = YES;
				CLANG_WARN_INT_CONVERSION = YES;
				CLANG_WARN_OBJC_ROOT_CLASS = YES_ERROR;
				CLANG_WARN_UNREACHABLE_CODE = YES;
				CLANG_WARN__DUPLICATE_METHOD_MATCH = YES;
				"CODE_SIGN_IDENTITY[sdk=iphoneos*]" = "iPhone Developer";
				COPY_PHASE_STRIP = YES;
				ENABLE_NS_ASSERTIONS = NO;
				ENABLE_STRICT_OBJC_MSGSEND = YES;
				GCC_C_LANGUAGE_STANDARD = gnu99;
				GCC_WARN_64_TO_32_BIT_CONVERSION = YES;
				GCC_WARN_ABOUT_RETURN_TYPE = YES_ERROR;
				GCC_WARN_UNDECLARED_SELECTOR = YES;
				GCC_WARN_UNINITIALIZED_AUTOS = YES_AGGRESSIVE;
				GCC_WARN_UNUSED_FUNCTION = YES;
				GCC_WARN_UNUSED_VARIABLE = YES;
				IPHONEOS_DEPLOYMENT_TARGET = 8.1;
				MTL_ENABLE_DEBUG_INFO = NO;
				SDKROOT = iphoneos;
				VALIDATE_PRODUCT = YES;
			};
			name = Release;
		};
		76BF413A1A0CCCE60042966D /* Debug */ = {
			isa = XCBuildConfiguration;
			baseConfigurationReference = BB38AA62E3007C5D44CCD618 /* Pods.debug.xcconfig */;
			buildSettings = {
				ASSETCATALOG_COMPILER_APPICON_NAME = AppIcon;
				CODE_SIGN_IDENTITY = "iPhone Developer";
				"CODE_SIGN_IDENTITY[sdk=iphoneos*]" = "iPhone Developer: Diego Lafuente (LB54WMCUJ6)";
				INFOPLIST_FILE = TuiBuddySwift/Info.plist;
				LD_RUNPATH_SEARCH_PATHS = "$(inherited) @executable_path/Frameworks";
				PRODUCT_NAME = "$(TARGET_NAME)";
				PROVISIONING_PROFILE = "";
				SWIFT_OBJC_BRIDGING_HEADER = TuiBuddySwift/BridgingHeader.h;
			};
			name = Debug;
		};
		76BF413B1A0CCCE60042966D /* Release */ = {
			isa = XCBuildConfiguration;
			baseConfigurationReference = 220296A9B64819CD83E9CC30 /* Pods.release.xcconfig */;
			buildSettings = {
				ASSETCATALOG_COMPILER_APPICON_NAME = AppIcon;
				CODE_SIGN_IDENTITY = "iPhone Developer";
				"CODE_SIGN_IDENTITY[sdk=iphoneos*]" = "iPhone Developer: Diego Lafuente (LB54WMCUJ6)";
				INFOPLIST_FILE = TuiBuddySwift/Info.plist;
				LD_RUNPATH_SEARCH_PATHS = "$(inherited) @executable_path/Frameworks";
				PRODUCT_NAME = "$(TARGET_NAME)";
				PROVISIONING_PROFILE = "";
				SWIFT_OBJC_BRIDGING_HEADER = TuiBuddySwift/BridgingHeader.h;
			};
			name = Release;
		};
		76BF413D1A0CCCE60042966D /* Debug */ = {
			isa = XCBuildConfiguration;
			baseConfigurationReference = BB38AA62E3007C5D44CCD618 /* Pods.debug.xcconfig */;
			buildSettings = {
				BUNDLE_LOADER = "$(TEST_HOST)";
				FRAMEWORK_SEARCH_PATHS = (
					"$(SDKROOT)/Developer/Library/Frameworks",
					"$(inherited)",
				);
				GCC_PREPROCESSOR_DEFINITIONS = (
					"DEBUG=1",
					"$(inherited)",
				);
				INFOPLIST_FILE = TuiBuddySwiftTests/Info.plist;
				LD_RUNPATH_SEARCH_PATHS = "$(inherited) @executable_path/Frameworks @loader_path/Frameworks";
				PRODUCT_NAME = "$(TARGET_NAME)";
				SWIFT_OBJC_BRIDGING_HEADER = TuiBuddySwiftTests/BridgingHeader.h;
				TEST_HOST = "$(BUILT_PRODUCTS_DIR)/TuiBuddySwift.app/TuiBuddySwift";
			};
			name = Debug;
		};
		76BF413E1A0CCCE60042966D /* Release */ = {
			isa = XCBuildConfiguration;
			baseConfigurationReference = 220296A9B64819CD83E9CC30 /* Pods.release.xcconfig */;
			buildSettings = {
				BUNDLE_LOADER = "$(TEST_HOST)";
				FRAMEWORK_SEARCH_PATHS = (
					"$(SDKROOT)/Developer/Library/Frameworks",
					"$(inherited)",
				);
				INFOPLIST_FILE = TuiBuddySwiftTests/Info.plist;
				LD_RUNPATH_SEARCH_PATHS = "$(inherited) @executable_path/Frameworks @loader_path/Frameworks";
				PRODUCT_NAME = "$(TARGET_NAME)";
				SWIFT_OBJC_BRIDGING_HEADER = TuiBuddySwiftTests/BridgingHeader.h;
				TEST_HOST = "$(BUILT_PRODUCTS_DIR)/TuiBuddySwift.app/TuiBuddySwift";
			};
			name = Release;
		};
/* End XCBuildConfiguration section */

/* Begin XCConfigurationList section */
		76BF41131A0CCCE50042966D /* Build configuration list for PBXProject "TuiBuddySwift" */ = {
			isa = XCConfigurationList;
			buildConfigurations = (
				76BF41371A0CCCE60042966D /* Debug */,
				76BF41381A0CCCE60042966D /* Release */,
			);
			defaultConfigurationIsVisible = 0;
			defaultConfigurationName = Release;
		};
		76BF41391A0CCCE60042966D /* Build configuration list for PBXNativeTarget "TuiBuddySwift" */ = {
			isa = XCConfigurationList;
			buildConfigurations = (
				76BF413A1A0CCCE60042966D /* Debug */,
				76BF413B1A0CCCE60042966D /* Release */,
			);
			defaultConfigurationIsVisible = 0;
			defaultConfigurationName = Release;
		};
		76BF413C1A0CCCE60042966D /* Build configuration list for PBXNativeTarget "TuiBuddySwiftTests" */ = {
			isa = XCConfigurationList;
			buildConfigurations = (
				76BF413D1A0CCCE60042966D /* Debug */,
				76BF413E1A0CCCE60042966D /* Release */,
			);
			defaultConfigurationIsVisible = 0;
			defaultConfigurationName = Release;
		};
/* End XCConfigurationList section */
	};
	rootObject = 76BF41101A0CCCE50042966D /* Project object */;
}
